// !$*UTF8*$!
{
	archiveVersion = 1;
	classes = {
	};
	objectVersion = 50;
	objects = {

/* Begin PBXBuildFile section */
		4B8331D7E5AFE4242AE3851C /* Pods_FlixarUITests.framework in Frameworks */ = {isa = PBXBuildFile; fileRef = DBB178FE80BB4E8081EB59B6 /* Pods_FlixarUITests.framework */; };
		4D585E6FEAFE1A0BC2500D26 /* Pods_Flixar.framework in Frameworks */ = {isa = PBXBuildFile; fileRef = 88695B00E97AD4FA57292584 /* Pods_Flixar.framework */; };
		780AE3123967452501FB4722 /* Pods_FlixarTests.framework in Frameworks */ = {isa = PBXBuildFile; fileRef = E807F0E1E27877B99CC6B181 /* Pods_FlixarTests.framework */; };
		C53E63AA21FDF00D00C70699 /* MovieDetailsViewController.swift in Sources */ = {isa = PBXBuildFile; fileRef = C53E63A921FDF00D00C70699 /* MovieDetailsViewController.swift */; };
		C53E63AC21FE004B00C70699 /* MovieGridViewController.swift in Sources */ = {isa = PBXBuildFile; fileRef = C53E63AB21FE004B00C70699 /* MovieGridViewController.swift */; };
		C5539E5A21F62A6A00D45D79 /* AppDelegate.swift in Sources */ = {isa = PBXBuildFile; fileRef = C5539E5921F62A6A00D45D79 /* AppDelegate.swift */; };
		C5539E5F21F62A6B00D45D79 /* Main.storyboard in Resources */ = {isa = PBXBuildFile; fileRef = C5539E5D21F62A6B00D45D79 /* Main.storyboard */; };
		C5539E6121F62A7800D45D79 /* Assets.xcassets in Resources */ = {isa = PBXBuildFile; fileRef = C5539E6021F62A7800D45D79 /* Assets.xcassets */; };
		C5539E6421F62A7800D45D79 /* LaunchScreen.storyboard in Resources */ = {isa = PBXBuildFile; fileRef = C5539E6221F62A7800D45D79 /* LaunchScreen.storyboard */; };
		C5539E6F21F62A7900D45D79 /* FlixarTests.swift in Sources */ = {isa = PBXBuildFile; fileRef = C5539E6E21F62A7900D45D79 /* FlixarTests.swift */; };
		C5539E7A21F62A7900D45D79 /* FlixarUITests.swift in Sources */ = {isa = PBXBuildFile; fileRef = C5539E7921F62A7900D45D79 /* FlixarUITests.swift */; };
		C5539E8A21F66C0100D45D79 /* MoviesViewController.swift in Sources */ = {isa = PBXBuildFile; fileRef = C5539E8921F66C0100D45D79 /* MoviesViewController.swift */; };
		C5DBF10521FE4E1400AA8890 /* MovieGridCell.swift in Sources */ = {isa = PBXBuildFile; fileRef = C5DBF10421FE4E1400AA8890 /* MovieGridCell.swift */; };
		C5ECCF4B21F689C400B0B9B8 /* MovieCell.swift in Sources */ = {isa = PBXBuildFile; fileRef = C5ECCF4A21F689C400B0B9B8 /* MovieCell.swift */; };
/* End PBXBuildFile section */

/* Begin PBXContainerItemProxy section */
		C5539E6B21F62A7900D45D79 /* PBXContainerItemProxy */ = {
			isa = PBXContainerItemProxy;
			containerPortal = C5539E4E21F62A6A00D45D79 /* Project object */;
			proxyType = 1;
			remoteGlobalIDString = C5539E5521F62A6A00D45D79;
			remoteInfo = Flixar;
		};
		C5539E7621F62A7900D45D79 /* PBXContainerItemProxy */ = {
			isa = PBXContainerItemProxy;
			containerPortal = C5539E4E21F62A6A00D45D79 /* Project object */;
			proxyType = 1;
			remoteGlobalIDString = C5539E5521F62A6A00D45D79;
			remoteInfo = Flixar;
		};
/* End PBXContainerItemProxy section */

/* Begin PBXFileReference section */
		4FFD61ADF45A362E0A9AFEDD /* Pods-FlixarUITests.release.xcconfig */ = {isa = PBXFileReference; includeInIndex = 1; lastKnownFileType = text.xcconfig; name = "Pods-FlixarUITests.release.xcconfig"; path = "Pods/Target Support Files/Pods-FlixarUITests/Pods-FlixarUITests.release.xcconfig"; sourceTree = "<group>"; };
		57F531323924CEB1EBA89666 /* Pods-Flixar.release.xcconfig */ = {isa = PBXFileReference; includeInIndex = 1; lastKnownFileType = text.xcconfig; name = "Pods-Flixar.release.xcconfig"; path = "Pods/Target Support Files/Pods-Flixar/Pods-Flixar.release.xcconfig"; sourceTree = "<group>"; };
		88695B00E97AD4FA57292584 /* Pods_Flixar.framework */ = {isa = PBXFileReference; explicitFileType = wrapper.framework; includeInIndex = 0; path = Pods_Flixar.framework; sourceTree = BUILT_PRODUCTS_DIR; };
		8A318A084AD6D93DA914B4B8 /* Pods-FlixarUITests.debug.xcconfig */ = {isa = PBXFileReference; includeInIndex = 1; lastKnownFileType = text.xcconfig; name = "Pods-FlixarUITests.debug.xcconfig"; path = "Pods/Target Support Files/Pods-FlixarUITests/Pods-FlixarUITests.debug.xcconfig"; sourceTree = "<group>"; };
		B4161412CA6DA3CF2663E4AB /* Pods-Flixar.debug.xcconfig */ = {isa = PBXFileReference; includeInIndex = 1; lastKnownFileType = text.xcconfig; name = "Pods-Flixar.debug.xcconfig"; path = "Pods/Target Support Files/Pods-Flixar/Pods-Flixar.debug.xcconfig"; sourceTree = "<group>"; };
		C53E63A921FDF00D00C70699 /* MovieDetailsViewController.swift */ = {isa = PBXFileReference; lastKnownFileType = sourcecode.swift; path = MovieDetailsViewController.swift; sourceTree = "<group>"; };
		C53E63AB21FE004B00C70699 /* MovieGridViewController.swift */ = {isa = PBXFileReference; lastKnownFileType = sourcecode.swift; path = MovieGridViewController.swift; sourceTree = "<group>"; };
		C5539E5621F62A6A00D45D79 /* Flixar.app */ = {isa = PBXFileReference; explicitFileType = wrapper.application; includeInIndex = 0; path = Flixar.app; sourceTree = BUILT_PRODUCTS_DIR; };
		C5539E5921F62A6A00D45D79 /* AppDelegate.swift */ = {isa = PBXFileReference; lastKnownFileType = sourcecode.swift; path = AppDelegate.swift; sourceTree = "<group>"; };
		C5539E5E21F62A6B00D45D79 /* Base */ = {isa = PBXFileReference; lastKnownFileType = file.storyboard; name = Base; path = Base.lproj/Main.storyboard; sourceTree = "<group>"; };
		C5539E6021F62A7800D45D79 /* Assets.xcassets */ = {isa = PBXFileReference; lastKnownFileType = folder.assetcatalog; path = Assets.xcassets; sourceTree = "<group>"; };
		C5539E6321F62A7800D45D79 /* Base */ = {isa = PBXFileReference; lastKnownFileType = file.storyboard; name = Base; path = Base.lproj/LaunchScreen.storyboard; sourceTree = "<group>"; };
		C5539E6521F62A7800D45D79 /* Info.plist */ = {isa = PBXFileReference; lastKnownFileType = text.plist.xml; path = Info.plist; sourceTree = "<group>"; };
		C5539E6A21F62A7900D45D79 /* FlixarTests.xctest */ = {isa = PBXFileReference; explicitFileType = wrapper.cfbundle; includeInIndex = 0; path = FlixarTests.xctest; sourceTree = BUILT_PRODUCTS_DIR; };
		C5539E6E21F62A7900D45D79 /* FlixarTests.swift */ = {isa = PBXFileReference; lastKnownFileType = sourcecode.swift; path = FlixarTests.swift; sourceTree = "<group>"; };
		C5539E7021F62A7900D45D79 /* Info.plist */ = {isa = PBXFileReference; lastKnownFileType = text.plist.xml; path = Info.plist; sourceTree = "<group>"; };
		C5539E7521F62A7900D45D79 /* FlixarUITests.xctest */ = {isa = PBXFileReference; explicitFileType = wrapper.cfbundle; includeInIndex = 0; path = FlixarUITests.xctest; sourceTree = BUILT_PRODUCTS_DIR; };
		C5539E7921F62A7900D45D79 /* FlixarUITests.swift */ = {isa = PBXFileReference; lastKnownFileType = sourcecode.swift; path = FlixarUITests.swift; sourceTree = "<group>"; };
		C5539E7B21F62A7900D45D79 /* Info.plist */ = {isa = PBXFileReference; lastKnownFileType = text.plist.xml; path = Info.plist; sourceTree = "<group>"; };
		C5539E8921F66C0100D45D79 /* MoviesViewController.swift */ = {isa = PBXFileReference; lastKnownFileType = sourcecode.swift; path = MoviesViewController.swift; sourceTree = "<group>"; };
		C5DBF10421FE4E1400AA8890 /* MovieGridCell.swift */ = {isa = PBXFileReference; lastKnownFileType = sourcecode.swift; path = MovieGridCell.swift; sourceTree = "<group>"; };
		C5ECCF4A21F689C400B0B9B8 /* MovieCell.swift */ = {isa = PBXFileReference; lastKnownFileType = sourcecode.swift; path = MovieCell.swift; sourceTree = "<group>"; };
		D1E5205D6BA5C2AA3679CA35 /* Pods-FlixarTests.debug.xcconfig */ = {isa = PBXFileReference; includeInIndex = 1; lastKnownFileType = text.xcconfig; name = "Pods-FlixarTests.debug.xcconfig"; path = "Pods/Target Support Files/Pods-FlixarTests/Pods-FlixarTests.debug.xcconfig"; sourceTree = "<group>"; };
		DBB178FE80BB4E8081EB59B6 /* Pods_FlixarUITests.framework */ = {isa = PBXFileReference; explicitFileType = wrapper.framework; includeInIndex = 0; path = Pods_FlixarUITests.framework; sourceTree = BUILT_PRODUCTS_DIR; };
		E6FEB982B8C6EAC7D61BA1FB /* Pods-FlixarTests.release.xcconfig */ = {isa = PBXFileReference; includeInIndex = 1; lastKnownFileType = text.xcconfig; name = "Pods-FlixarTests.release.xcconfig"; path = "Pods/Target Support Files/Pods-FlixarTests/Pods-FlixarTests.release.xcconfig"; sourceTree = "<group>"; };
		E807F0E1E27877B99CC6B181 /* Pods_FlixarTests.framework */ = {isa = PBXFileReference; explicitFileType = wrapper.framework; includeInIndex = 0; path = Pods_FlixarTests.framework; sourceTree = BUILT_PRODUCTS_DIR; };
/* End PBXFileReference section */

/* Begin PBXFrameworksBuildPhase section */
		C5539E5321F62A6A00D45D79 /* Frameworks */ = {
			isa = PBXFrameworksBuildPhase;
			buildActionMask = 2147483647;
			files = (
				4D585E6FEAFE1A0BC2500D26 /* Pods_Flixar.framework in Frameworks */,
			);
			runOnlyForDeploymentPostprocessing = 0;
		};
		C5539E6721F62A7900D45D79 /* Frameworks */ = {
			isa = PBXFrameworksBuildPhase;
			buildActionMask = 2147483647;
			files = (
				780AE3123967452501FB4722 /* Pods_FlixarTests.framework in Frameworks */,
			);
			runOnlyForDeploymentPostprocessing = 0;
		};
		C5539E7221F62A7900D45D79 /* Frameworks */ = {
			isa = PBXFrameworksBuildPhase;
			buildActionMask = 2147483647;
			files = (
				4B8331D7E5AFE4242AE3851C /* Pods_FlixarUITests.framework in Frameworks */,
			);
			runOnlyForDeploymentPostprocessing = 0;
		};
/* End PBXFrameworksBuildPhase section */

/* Begin PBXGroup section */
		2D23B0EA4C9737F8815FBAAE /* Pods */ = {
			isa = PBXGroup;
			children = (
				B4161412CA6DA3CF2663E4AB /* Pods-Flixar.debug.xcconfig */,
				57F531323924CEB1EBA89666 /* Pods-Flixar.release.xcconfig */,
				D1E5205D6BA5C2AA3679CA35 /* Pods-FlixarTests.debug.xcconfig */,
				E6FEB982B8C6EAC7D61BA1FB /* Pods-FlixarTests.release.xcconfig */,
				8A318A084AD6D93DA914B4B8 /* Pods-FlixarUITests.debug.xcconfig */,
				4FFD61ADF45A362E0A9AFEDD /* Pods-FlixarUITests.release.xcconfig */,
			);
			name = Pods;
			sourceTree = "<group>";
		};
		C5539E4D21F62A6A00D45D79 = {
			isa = PBXGroup;
			children = (
				C5539E5821F62A6A00D45D79 /* Flixar */,
				C5539E6D21F62A7900D45D79 /* FlixarTests */,
				C5539E7821F62A7900D45D79 /* FlixarUITests */,
				C5539E5721F62A6A00D45D79 /* Products */,
				2D23B0EA4C9737F8815FBAAE /* Pods */,
				FA18A36547854C1A4B80396D /* Frameworks */,
			);
			sourceTree = "<group>";
		};
		C5539E5721F62A6A00D45D79 /* Products */ = {
			isa = PBXGroup;
			children = (
				C5539E5621F62A6A00D45D79 /* Flixar.app */,
				C5539E6A21F62A7900D45D79 /* FlixarTests.xctest */,
				C5539E7521F62A7900D45D79 /* FlixarUITests.xctest */,
			);
			name = Products;
			sourceTree = "<group>";
		};
		C5539E5821F62A6A00D45D79 /* Flixar */ = {
			isa = PBXGroup;
			children = (
				C5539E5921F62A6A00D45D79 /* AppDelegate.swift */,
				C5539E5D21F62A6B00D45D79 /* Main.storyboard */,
				C53E63AB21FE004B00C70699 /* MovieGridViewController.swift */,
				C53E63A921FDF00D00C70699 /* MovieDetailsViewController.swift */,
				C5539E6021F62A7800D45D79 /* Assets.xcassets */,
				C5539E6221F62A7800D45D79 /* LaunchScreen.storyboard */,
				C5539E6521F62A7800D45D79 /* Info.plist */,
				C5539E8921F66C0100D45D79 /* MoviesViewController.swift */,
				C5ECCF4A21F689C400B0B9B8 /* MovieCell.swift */,
				C5DBF10421FE4E1400AA8890 /* MovieGridCell.swift */,
			);
			path = Flixar;
			sourceTree = "<group>";
		};
		C5539E6D21F62A7900D45D79 /* FlixarTests */ = {
			isa = PBXGroup;
			children = (
				C5539E6E21F62A7900D45D79 /* FlixarTests.swift */,
				C5539E7021F62A7900D45D79 /* Info.plist */,
			);
			path = FlixarTests;
			sourceTree = "<group>";
		};
		C5539E7821F62A7900D45D79 /* FlixarUITests */ = {
			isa = PBXGroup;
			children = (
				C5539E7921F62A7900D45D79 /* FlixarUITests.swift */,
				C5539E7B21F62A7900D45D79 /* Info.plist */,
			);
			path = FlixarUITests;
			sourceTree = "<group>";
		};
		FA18A36547854C1A4B80396D /* Frameworks */ = {
			isa = PBXGroup;
			children = (
				88695B00E97AD4FA57292584 /* Pods_Flixar.framework */,
				E807F0E1E27877B99CC6B181 /* Pods_FlixarTests.framework */,
				DBB178FE80BB4E8081EB59B6 /* Pods_FlixarUITests.framework */,
			);
			name = Frameworks;
			sourceTree = "<group>";
		};
/* End PBXGroup section */

/* Begin PBXNativeTarget section */
		C5539E5521F62A6A00D45D79 /* Flixar */ = {
			isa = PBXNativeTarget;
			buildConfigurationList = C5539E7E21F62A7900D45D79 /* Build configuration list for PBXNativeTarget "Flixar" */;
			buildPhases = (
				1E00EBFB26E8BC0D1A8C4068 /* [CP] Check Pods Manifest.lock */,
				C5539E5221F62A6A00D45D79 /* Sources */,
				C5539E5321F62A6A00D45D79 /* Frameworks */,
				C5539E5421F62A6A00D45D79 /* Resources */,
				8882D5CA32A8E669C4EA3A15 /* [CP] Embed Pods Frameworks */,
			);
			buildRules = (
			);
			dependencies = (
			);
			name = Flixar;
			productName = Flixar;
			productReference = C5539E5621F62A6A00D45D79 /* Flixar.app */;
			productType = "com.apple.product-type.application";
		};
		C5539E6921F62A7900D45D79 /* FlixarTests */ = {
			isa = PBXNativeTarget;
			buildConfigurationList = C5539E8121F62A7900D45D79 /* Build configuration list for PBXNativeTarget "FlixarTests" */;
			buildPhases = (
				43DBAFE38955C87756CD6D14 /* [CP] Check Pods Manifest.lock */,
				C5539E6621F62A7900D45D79 /* Sources */,
				C5539E6721F62A7900D45D79 /* Frameworks */,
				C5539E6821F62A7900D45D79 /* Resources */,
			);
			buildRules = (
			);
			dependencies = (
				C5539E6C21F62A7900D45D79 /* PBXTargetDependency */,
			);
			name = FlixarTests;
			productName = FlixarTests;
			productReference = C5539E6A21F62A7900D45D79 /* FlixarTests.xctest */;
			productType = "com.apple.product-type.bundle.unit-test";
		};
		C5539E7421F62A7900D45D79 /* FlixarUITests */ = {
			isa = PBXNativeTarget;
			buildConfigurationList = C5539E8421F62A7900D45D79 /* Build configuration list for PBXNativeTarget "FlixarUITests" */;
			buildPhases = (
				A75F390B8C1BB9DD5ABBD88E /* [CP] Check Pods Manifest.lock */,
				C5539E7121F62A7900D45D79 /* Sources */,
				C5539E7221F62A7900D45D79 /* Frameworks */,
				C5539E7321F62A7900D45D79 /* Resources */,
			);
			buildRules = (
			);
			dependencies = (
				C5539E7721F62A7900D45D79 /* PBXTargetDependency */,
			);
			name = FlixarUITests;
			productName = FlixarUITests;
			productReference = C5539E7521F62A7900D45D79 /* FlixarUITests.xctest */;
			productType = "com.apple.product-type.bundle.ui-testing";
		};
/* End PBXNativeTarget section */

/* Begin PBXProject section */
		C5539E4E21F62A6A00D45D79 /* Project object */ = {
			isa = PBXProject;
			attributes = {
				LastSwiftUpdateCheck = 1010;
				LastUpgradeCheck = 1010;
				ORGANIZATIONNAME = "Andrey Shor";
				TargetAttributes = {
					C5539E5521F62A6A00D45D79 = {
						CreatedOnToolsVersion = 10.1;
					};
					C5539E6921F62A7900D45D79 = {
						CreatedOnToolsVersion = 10.1;
						TestTargetID = C5539E5521F62A6A00D45D79;
					};
					C5539E7421F62A7900D45D79 = {
						CreatedOnToolsVersion = 10.1;
						TestTargetID = C5539E5521F62A6A00D45D79;
					};
				};
			};
			buildConfigurationList = C5539E5121F62A6A00D45D79 /* Build configuration list for PBXProject "Flixar" */;
			compatibilityVersion = "Xcode 9.3";
			developmentRegion = en;
			hasScannedForEncodings = 0;
			knownRegions = (
				en,
				Base,
			);
			mainGroup = C5539E4D21F62A6A00D45D79;
			productRefGroup = C5539E5721F62A6A00D45D79 /* Products */;
			projectDirPath = "";
			projectRoot = "";
			targets = (
				C5539E5521F62A6A00D45D79 /* Flixar */,
				C5539E6921F62A7900D45D79 /* FlixarTests */,
				C5539E7421F62A7900D45D79 /* FlixarUITests */,
			);
		};
/* End PBXProject section */

/* Begin PBXResourcesBuildPhase section */
		C5539E5421F62A6A00D45D79 /* Resources */ = {
			isa = PBXResourcesBuildPhase;
			buildActionMask = 2147483647;
			files = (
				C5539E6421F62A7800D45D79 /* LaunchScreen.storyboard in Resources */,
				C5539E6121F62A7800D45D79 /* Assets.xcassets in Resources */,
				C5539E5F21F62A6B00D45D79 /* Main.storyboard in Resources */,
			);
			runOnlyForDeploymentPostprocessing = 0;
		};
		C5539E6821F62A7900D45D79 /* Resources */ = {
			isa = PBXResourcesBuildPhase;
			buildActionMask = 2147483647;
			files = (
			);
			runOnlyForDeploymentPostprocessing = 0;
		};
		C5539E7321F62A7900D45D79 /* Resources */ = {
			isa = PBXResourcesBuildPhase;
			buildActionMask = 2147483647;
			files = (
			);
			runOnlyForDeploymentPostprocessing = 0;
		};
/* End PBXResourcesBuildPhase section */

/* Begin PBXShellScriptBuildPhase section */
		1E00EBFB26E8BC0D1A8C4068 /* [CP] Check Pods Manifest.lock */ = {
			isa = PBXShellScriptBuildPhase;
			buildActionMask = 2147483647;
			files = (
			);
			inputFileListPaths = (
			);
			inputPaths = (
				"${PODS_PODFILE_DIR_PATH}/Podfile.lock",
				"${PODS_ROOT}/Manifest.lock",
			);
			name = "[CP] Check Pods Manifest.lock";
			outputFileListPaths = (
			);
			outputPaths = (
				"$(DERIVED_FILE_DIR)/Pods-Flixar-checkManifestLockResult.txt",
			);
			runOnlyForDeploymentPostprocessing = 0;
			shellPath = /bin/sh;
			shellScript = "diff \"${PODS_PODFILE_DIR_PATH}/Podfile.lock\" \"${PODS_ROOT}/Manifest.lock\" > /dev/null\nif [ $? != 0 ] ; then\n    # print error to STDERR\n    echo \"error: The sandbox is not in sync with the Podfile.lock. Run 'pod install' or update your CocoaPods installation.\" >&2\n    exit 1\nfi\n# This output is used by Xcode 'outputs' to avoid re-running this script phase.\necho \"SUCCESS\" > \"${SCRIPT_OUTPUT_FILE_0}\"\n";
			showEnvVarsInLog = 0;
		};
		43DBAFE38955C87756CD6D14 /* [CP] Check Pods Manifest.lock */ = {
			isa = PBXShellScriptBuildPhase;
			buildActionMask = 2147483647;
			files = (
			);
			inputFileListPaths = (
			);
			inputPaths = (
				"${PODS_PODFILE_DIR_PATH}/Podfile.lock",
				"${PODS_ROOT}/Manifest.lock",
			);
			name = "[CP] Check Pods Manifest.lock";
			outputFileListPaths = (
			);
			outputPaths = (
				"$(DERIVED_FILE_DIR)/Pods-FlixarTests-checkManifestLockResult.txt",
			);
			runOnlyForDeploymentPostprocessing = 0;
			shellPath = /bin/sh;
			shellScript = "diff \"${PODS_PODFILE_DIR_PATH}/Podfile.lock\" \"${PODS_ROOT}/Manifest.lock\" > /dev/null\nif [ $? != 0 ] ; then\n    # print error to STDERR\n    echo \"error: The sandbox is not in sync with the Podfile.lock. Run 'pod install' or update your CocoaPods installation.\" >&2\n    exit 1\nfi\n# This output is used by Xcode 'outputs' to avoid re-running this script phase.\necho \"SUCCESS\" > \"${SCRIPT_OUTPUT_FILE_0}\"\n";
			showEnvVarsInLog = 0;
		};
		8882D5CA32A8E669C4EA3A15 /* [CP] Embed Pods Frameworks */ = {
			isa = PBXShellScriptBuildPhase;
			buildActionMask = 2147483647;
			files = (
			);
			inputFileListPaths = (
			);
			inputPaths = (
				"${SRCROOT}/Pods/Target Support Files/Pods-Flixar/Pods-Flixar-frameworks.sh",
				"${BUILT_PRODUCTS_DIR}/Alamofire/Alamofire.framework",
				"${BUILT_PRODUCTS_DIR}/AlamofireImage/AlamofireImage.framework",
			);
			name = "[CP] Embed Pods Frameworks";
			outputFileListPaths = (
			);
			outputPaths = (
				"${TARGET_BUILD_DIR}/${FRAMEWORKS_FOLDER_PATH}/Alamofire.framework",
				"${TARGET_BUILD_DIR}/${FRAMEWORKS_FOLDER_PATH}/AlamofireImage.framework",
			);
			runOnlyForDeploymentPostprocessing = 0;
			shellPath = /bin/sh;
			shellScript = "\"${SRCROOT}/Pods/Target Support Files/Pods-Flixar/Pods-Flixar-frameworks.sh\"\n";
			showEnvVarsInLog = 0;
		};
		A75F390B8C1BB9DD5ABBD88E /* [CP] Check Pods Manifest.lock */ = {
			isa = PBXShellScriptBuildPhase;
			buildActionMask = 2147483647;
			files = (
			);
			inputFileListPaths = (
			);
			inputPaths = (
				"${PODS_PODFILE_DIR_PATH}/Podfile.lock",
				"${PODS_ROOT}/Manifest.lock",
			);
			name = "[CP] Check Pods Manifest.lock";
			outputFileListPaths = (
			);
			outputPaths = (
				"$(DERIVED_FILE_DIR)/Pods-FlixarUITests-checkManifestLockResult.txt",
			);
			runOnlyForDeploymentPostprocessing = 0;
			shellPath = /bin/sh;
			shellScript = "diff \"${PODS_PODFILE_DIR_PATH}/Podfile.lock\" \"${PODS_ROOT}/Manifest.lock\" > /dev/null\nif [ $? != 0 ] ; then\n    # print error to STDERR\n    echo \"error: The sandbox is not in sync with the Podfile.lock. Run 'pod install' or update your CocoaPods installation.\" >&2\n    exit 1\nfi\n# This output is used by Xcode 'outputs' to avoid re-running this script phase.\necho \"SUCCESS\" > \"${SCRIPT_OUTPUT_FILE_0}\"\n";
			showEnvVarsInLog = 0;
		};
/* End PBXShellScriptBuildPhase section */

/* Begin PBXSourcesBuildPhase section */
		C5539E5221F62A6A00D45D79 /* Sources */ = {
			isa = PBXSourcesBuildPhase;
			buildActionMask = 2147483647;
			files = (
				C53E63AC21FE004B00C70699 /* MovieGridViewController.swift in Sources */,
				C53E63AA21FDF00D00C70699 /* MovieDetailsViewController.swift in Sources */,
				C5539E5A21F62A6A00D45D79 /* AppDelegate.swift in Sources */,
				C5539E8A21F66C0100D45D79 /* MoviesViewController.swift in Sources */,
				C5DBF10521FE4E1400AA8890 /* MovieGridCell.swift in Sources */,
				C5ECCF4B21F689C400B0B9B8 /* MovieCell.swift in Sources */,
			);
			runOnlyForDeploymentPostprocessing = 0;
		};
		C5539E6621F62A7900D45D79 /* Sources */ = {
			isa = PBXSourcesBuildPhase;
			buildActionMask = 2147483647;
			files = (
				C5539E6F21F62A7900D45D79 /* FlixarTests.swift in Sources */,
			);
			runOnlyForDeploymentPostprocessing = 0;
		};
		C5539E7121F62A7900D45D79 /* Sources */ = {
			isa = PBXSourcesBuildPhase;
			buildActionMask = 2147483647;
			files = (
				C5539E7A21F62A7900D45D79 /* FlixarUITests.swift in Sources */,
			);
			runOnlyForDeploymentPostprocessing = 0;
		};
/* End PBXSourcesBuildPhase section */

/* Begin PBXTargetDependency section */
		C5539E6C21F62A7900D45D79 /* PBXTargetDependency */ = {
			isa = PBXTargetDependency;
			target = C5539E5521F62A6A00D45D79 /* Flixar */;
			targetProxy = C5539E6B21F62A7900D45D79 /* PBXContainerItemProxy */;
		};
		C5539E7721F62A7900D45D79 /* PBXTargetDependency */ = {
			isa = PBXTargetDependency;
			target = C5539E5521F62A6A00D45D79 /* Flixar */;
			targetProxy = C5539E7621F62A7900D45D79 /* PBXContainerItemProxy */;
		};
/* End PBXTargetDependency section */

/* Begin PBXVariantGroup section */
		C5539E5D21F62A6B00D45D79 /* Main.storyboard */ = {
			isa = PBXVariantGroup;
			children = (
				C5539E5E21F62A6B00D45D79 /* Base */,
			);
			name = Main.storyboard;
			sourceTree = "<group>";
		};
		C5539E6221F62A7800D45D79 /* LaunchScreen.storyboard */ = {
			isa = PBXVariantGroup;
			children = (
				C5539E6321F62A7800D45D79 /* Base */,
			);
			name = LaunchScreen.storyboard;
			sourceTree = "<group>";
		};
/* End PBXVariantGroup section */

/* Begin XCBuildConfiguration section */
		C5539E7C21F62A7900D45D79 /* Debug */ = {
			isa = XCBuildConfiguration;
			buildSettings = {
				ALWAYS_SEARCH_USER_PATHS = NO;
				CLANG_ANALYZER_NONNULL = YES;
				CLANG_ANALYZER_NUMBER_OBJECT_CONVERSION = YES_AGGRESSIVE;
				CLANG_CXX_LANGUAGE_STANDARD = "gnu++14";
				CLANG_CXX_LIBRARY = "libc++";
				CLANG_ENABLE_MODULES = YES;
				CLANG_ENABLE_OBJC_ARC = YES;
				CLANG_ENABLE_OBJC_WEAK = YES;
				CLANG_WARN_BLOCK_CAPTURE_AUTORELEASING = YES;
				CLANG_WARN_BOOL_CONVERSION = YES;
				CLANG_WARN_COMMA = YES;
				CLANG_WARN_CONSTANT_CONVERSION = YES;
				CLANG_WARN_DEPRECATED_OBJC_IMPLEMENTATIONS = YES;
				CLANG_WARN_DIRECT_OBJC_ISA_USAGE = YES_ERROR;
				CLANG_WARN_DOCUMENTATION_COMMENTS = YES;
				CLANG_WARN_EMPTY_BODY = YES;
				CLANG_WARN_ENUM_CONVERSION = YES;
				CLANG_WARN_INFINITE_RECURSION = YES;
				CLANG_WARN_INT_CONVERSION = YES;
				CLANG_WARN_NON_LITERAL_NULL_CONVERSION = YES;
				CLANG_WARN_OBJC_IMPLICIT_RETAIN_SELF = YES;
				CLANG_WARN_OBJC_LITERAL_CONVERSION = YES;
				CLANG_WARN_OBJC_ROOT_CLASS = YES_ERROR;
				CLANG_WARN_RANGE_LOOP_ANALYSIS = YES;
				CLANG_WARN_STRICT_PROTOTYPES = YES;
				CLANG_WARN_SUSPICIOUS_MOVE = YES;
				CLANG_WARN_UNGUARDED_AVAILABILITY = YES_AGGRESSIVE;
				CLANG_WARN_UNREACHABLE_CODE = YES;
				CLANG_WARN__DUPLICATE_METHOD_MATCH = YES;
				CODE_SIGN_IDENTITY = "iPhone Developer";
				COPY_PHASE_STRIP = NO;
				DEBUG_INFORMATION_FORMAT = dwarf;
				ENABLE_STRICT_OBJC_MSGSEND = YES;
				ENABLE_TESTABILITY = YES;
				GCC_C_LANGUAGE_STANDARD = gnu11;
				GCC_DYNAMIC_NO_PIC = NO;
				GCC_NO_COMMON_BLOCKS = YES;
				GCC_OPTIMIZATION_LEVEL = 0;
				GCC_PREPROCESSOR_DEFINITIONS = (
					"DEBUG=1",
					"$(inherited)",
				);
				GCC_WARN_64_TO_32_BIT_CONVERSION = YES;
				GCC_WARN_ABOUT_RETURN_TYPE = YES_ERROR;
				GCC_WARN_UNDECLARED_SELECTOR = YES;
				GCC_WARN_UNINITIALIZED_AUTOS = YES_AGGRESSIVE;
				GCC_WARN_UNUSED_FUNCTION = YES;
				GCC_WARN_UNUSED_VARIABLE = YES;
				IPHONEOS_DEPLOYMENT_TARGET = 12.1;
				MTL_ENABLE_DEBUG_INFO = INCLUDE_SOURCE;
				MTL_FAST_MATH = YES;
				ONLY_ACTIVE_ARCH = YES;
				SDKROOT = iphoneos;
				SWIFT_ACTIVE_COMPILATION_CONDITIONS = DEBUG;
				SWIFT_OPTIMIZATION_LEVEL = "-Onone";
			};
			name = Debug;
		};
		C5539E7D21F62A7900D45D79 /* Release */ = {
			isa = XCBuildConfiguration;
			buildSettings = {
				ALWAYS_SEARCH_USER_PATHS = NO;
				CLANG_ANALYZER_NONNULL = YES;
				CLANG_ANALYZER_NUMBER_OBJECT_CONVERSION = YES_AGGRESSIVE;
				CLANG_CXX_LANGUAGE_STANDARD = "gnu++14";
				CLANG_CXX_LIBRARY = "libc++";
				CLANG_ENABLE_MODULES = YES;
				CLANG_ENABLE_OBJC_ARC = YES;
				CLANG_ENABLE_OBJC_WEAK = YES;
				CLANG_WARN_BLOCK_CAPTURE_AUTORELEASING = YES;
				CLANG_WARN_BOOL_CONVERSION = YES;
				CLANG_WARN_COMMA = YES;
				CLANG_WARN_CONSTANT_CONVERSION = YES;
				CLANG_WARN_DEPRECATED_OBJC_IMPLEMENTATIONS = YES;
				CLANG_WARN_DIRECT_OBJC_ISA_USAGE = YES_ERROR;
				CLANG_WARN_DOCUMENTATION_COMMENTS = YES;
				CLANG_WARN_EMPTY_BODY = YES;
				CLANG_WARN_ENUM_CONVERSION = YES;
				CLANG_WARN_INFINITE_RECURSION = YES;
				CLANG_WARN_INT_CONVERSION = YES;
				CLANG_WARN_NON_LITERAL_NULL_CONVERSION = YES;
				CLANG_WARN_OBJC_IMPLICIT_RETAIN_SELF = YES;
				CLANG_WARN_OBJC_LITERAL_CONVERSION = YES;
				CLANG_WARN_OBJC_ROOT_CLASS = YES_ERROR;
				CLANG_WARN_RANGE_LOOP_ANALYSIS = YES;
				CLANG_WARN_STRICT_PROTOTYPES = YES;
				CLANG_WARN_SUSPICIOUS_MOVE = YES;
				CLANG_WARN_UNGUARDED_AVAILABILITY = YES_AGGRESSIVE;
				CLANG_WARN_UNREACHABLE_CODE = YES;
				CLANG_WARN__DUPLICATE_METHOD_MATCH = YES;
				CODE_SIGN_IDENTITY = "iPhone Developer";
				COPY_PHASE_STRIP = NO;
				DEBUG_INFORMATION_FORMAT = "dwarf-with-dsym";
				ENABLE_NS_ASSERTIONS = NO;
				ENABLE_STRICT_OBJC_MSGSEND = YES;
				GCC_C_LANGUAGE_STANDARD = gnu11;
				GCC_NO_COMMON_BLOCKS = YES;
				GCC_WARN_64_TO_32_BIT_CONVERSION = YES;
				GCC_WARN_ABOUT_RETURN_TYPE = YES_ERROR;
				GCC_WARN_UNDECLARED_SELECTOR = YES;
				GCC_WARN_UNINITIALIZED_AUTOS = YES_AGGRESSIVE;
				GCC_WARN_UNUSED_FUNCTION = YES;
				GCC_WARN_UNUSED_VARIABLE = YES;
				IPHONEOS_DEPLOYMENT_TARGET = 12.1;
				MTL_ENABLE_DEBUG_INFO = NO;
				MTL_FAST_MATH = YES;
				SDKROOT = iphoneos;
				SWIFT_COMPILATION_MODE = wholemodule;
				SWIFT_OPTIMIZATION_LEVEL = "-O";
				VALIDATE_PRODUCT = YES;
			};
			name = Release;
		};
		C5539E7F21F62A7900D45D79 /* Debug */ = {
			isa = XCBuildConfiguration;
			baseConfigurationReference = B4161412CA6DA3CF2663E4AB /* Pods-Flixar.debug.xcconfig */;
			buildSettings = {
				ASSETCATALOG_COMPILER_APPICON_NAME = AppIcon;
				CODE_SIGN_STYLE = Automatic;
				INFOPLIST_FILE = Flixar/Info.plist;
				LD_RUNPATH_SEARCH_PATHS = (
					"$(inherited)",
					"@executable_path/Frameworks",
				);
				PRODUCT_BUNDLE_IDENTIFIER = com.cs490.Flixar;
				PRODUCT_NAME = "$(TARGET_NAME)";
				SWIFT_VERSION = 4.2;
				TARGETED_DEVICE_FAMILY = "1,2";
			};
			name = Debug;
		};
		C5539E8021F62A7900D45D79 /* Release */ = {
			isa = XCBuildConfiguration;
			baseConfigurationReference = 57F531323924CEB1EBA89666 /* Pods-Flixar.release.xcconfig */;
			buildSettings = {
				ASSETCATALOG_COMPILER_APPICON_NAME = AppIcon;
				CODE_SIGN_STYLE = Automatic;
				INFOPLIST_FILE = Flixar/Info.plist;
				LD_RUNPATH_SEARCH_PATHS = (
					"$(inherited)",
					"@executable_path/Frameworks",
				);
				PRODUCT_BUNDLE_IDENTIFIER = com.cs490.Flixar;
				PRODUCT_NAME = "$(TARGET_NAME)";
				SWIFT_VERSION = 4.2;
				TARGETED_DEVICE_FAMILY = "1,2";
			};
			name = Release;
		};
		C5539E8221F62A7900D45D79 /* Debug */ = {
			isa = XCBuildConfiguration;
			baseConfigurationReference = D1E5205D6BA5C2AA3679CA35 /* Pods-FlixarTests.debug.xcconfig */;
			buildSettings = {
				ALWAYS_EMBED_SWIFT_STANDARD_LIBRARIES = YES;
				BUNDLE_LOADER = "$(TEST_HOST)";
				CODE_SIGN_STYLE = Automatic;
				INFOPLIST_FILE = FlixarTests/Info.plist;
				LD_RUNPATH_SEARCH_PATHS = (
					"$(inherited)",
					"@executable_path/Frameworks",
					"@loader_path/Frameworks",
				);
				PRODUCT_BUNDLE_IDENTIFIER = com.cs490.FlixarTests;
				PRODUCT_NAME = "$(TARGET_NAME)";
				SWIFT_VERSION = 4.2;
				TARGETED_DEVICE_FAMILY = "1,2";
				TEST_HOST = "$(BUILT_PRODUCTS_DIR)/Flixar.app/Flixar";
			};
			name = Debug;
		};
		C5539E8321F62A7900D45D79 /* Release */ = {
			isa = XCBuildConfiguration;
			baseConfigurationReference = E6FEB982B8C6EAC7D61BA1FB /* Pods-FlixarTests.release.xcconfig */;
			buildSettings = {
				ALWAYS_EMBED_SWIFT_STANDARD_LIBRARIES = YES;
				BUNDLE_LOADER = "$(TEST_HOST)";
				CODE_SIGN_STYLE = Automatic;
				INFOPLIST_FILE = FlixarTests/Info.plist;
				LD_RUNPATH_SEARCH_PATHS = (
					"$(inherited)",
					"@executable_path/Frameworks",
					"@loader_path/Frameworks",
				);
				PRODUCT_BUNDLE_IDENTIFIER = com.cs490.FlixarTests;
				PRODUCT_NAME = "$(TARGET_NAME)";
				SWIFT_VERSION = 4.2;
				TARGETED_DEVICE_FAMILY = "1,2";
				TEST_HOST = "$(BUILT_PRODUCTS_DIR)/Flixar.app/Flixar";
			};
			name = Release;
		};
		C5539E8521F62A7900D45D79 /* Debug */ = {
			isa = XCBuildConfiguration;
			baseConfigurationReference = 8A318A084AD6D93DA914B4B8 /* Pods-FlixarUITests.debug.xcconfig */;
			buildSettings = {
				ALWAYS_EMBED_SWIFT_STANDARD_LIBRARIES = YES;
				CODE_SIGN_STYLE = Automatic;
				INFOPLIST_FILE = FlixarUITests/Info.plist;
				LD_RUNPATH_SEARCH_PATHS = (
					"$(inherited)",
					"@executable_path/Frameworks",
					"@loader_path/Frameworks",
				);
				PRODUCT_BUNDLE_IDENTIFIER = com.cs490.FlixarUITests;
				PRODUCT_NAME = "$(TARGET_NAME)";
				SWIFT_VERSION = 4.2;
				TARGETED_DEVICE_FAMILY = "1,2";
				TEST_TARGET_NAME = Flixar;
			};
			name = Debug;
		};
		C5539E8621F62A7900D45D79 /* Release */ = {
			isa = XCBuildConfiguration;
			baseConfigurationReference = 4FFD61ADF45A362E0A9AFEDD /* Pods-FlixarUITests.release.xcconfig */;
			buildSettings = {
				ALWAYS_EMBED_SWIFT_STANDARD_LIBRARIES = YES;
				CODE_SIGN_STYLE = Automatic;
				INFOPLIST_FILE = FlixarUITests/Info.plist;
				LD_RUNPATH_SEARCH_PATHS = (
					"$(inherited)",
					"@executable_path/Frameworks",
					"@loader_path/Frameworks",
				);
				PRODUCT_BUNDLE_IDENTIFIER = com.cs490.FlixarUITests;
				PRODUCT_NAME = "$(TARGET_NAME)";
				SWIFT_VERSION = 4.2;
				TARGETED_DEVICE_FAMILY = "1,2";
				TEST_TARGET_NAME = Flixar;
			};
			name = Release;
		};
/* End XCBuildConfiguration section */

/* Begin XCConfigurationList section */
		C5539E5121F62A6A00D45D79 /* Build configuration list for PBXProject "Flixar" */ = {
			isa = XCConfigurationList;
			buildConfigurations = (
				C5539E7C21F62A7900D45D79 /* Debug */,
				C5539E7D21F62A7900D45D79 /* Release */,
			);
			defaultConfigurationIsVisible = 0;
			defaultConfigurationName = Release;
		};
		C5539E7E21F62A7900D45D79 /* Build configuration list for PBXNativeTarget "Flixar" */ = {
			isa = XCConfigurationList;
			buildConfigurations = (
				C5539E7F21F62A7900D45D79 /* Debug */,
				C5539E8021F62A7900D45D79 /* Release */,
			);
			defaultConfigurationIsVisible = 0;
			defaultConfigurationName = Release;
		};
		C5539E8121F62A7900D45D79 /* Build configuration list for PBXNativeTarget "FlixarTests" */ = {
			isa = XCConfigurationList;
			buildConfigurations = (
				C5539E8221F62A7900D45D79 /* Debug */,
				C5539E8321F62A7900D45D79 /* Release */,
			);
			defaultConfigurationIsVisible = 0;
			defaultConfigurationName = Release;
		};
		C5539E8421F62A7900D45D79 /* Build configuration list for PBXNativeTarget "FlixarUITests" */ = {
			isa = XCConfigurationList;
			buildConfigurations = (
				C5539E8521F62A7900D45D79 /* Debug */,
				C5539E8621F62A7900D45D79 /* Release */,
			);
			defaultConfigurationIsVisible = 0;
			defaultConfigurationName = Release;
		};
/* End XCConfigurationList section */
	};
	rootObject = C5539E4E21F62A6A00D45D79 /* Project object */;
}
